
Microsoft Visual Studio Solution File, Format Version 12.00
# Visual Studio 14
VisualStudioVersion = 14.0.25123.0
MinimumVisualStudioVersion = 10.0.40219.1
Project("{FAE04EC0-301F-11D3-BF4B-00C04F79EFBC}") = "chrismrgn.sdl.tridion.coreservice", "chrismrgn.sdl.tridion.coreservice\chrismrgn.sdl.tridion.coreservice.csproj", "{3A86434F-052E-44F6-8DB8-AE4177FB2EC3}"
EndProject
Project("{FAE04EC0-301F-11D3-BF4B-00C04F79EFBC}") = "chrismgrn.sdl.tridion.coreservice.extensionmethods", "chrismgrn.sdl.tridion.coreservice.extensionmethods\chrismgrn.sdl.tridion.coreservice.extensionmethods.csproj", "{221E98C3-C839-4605-9583-329DFEDD533E}"
EndProject
Project("{FAE04EC0-301F-11D3-BF4B-00C04F79EFBC}") = "chrismrgn.sdl.tridion.coreservice.tests", "chrismrgn.sdl.tridion.coreservice.tests\chrismrgn.sdl.tridion.coreservice.tests.csproj", "{995AE0B9-7BFB-4106-9363-990BA04FE468}"
EndProject
Project("{FAE04EC0-301F-11D3-BF4B-00C04F79EFBC}") = "chrismrgn.sdl.tridion.core", "chrismrgn.sdl.tridion.core\chrismrgn.sdl.tridion.core.csproj", "{9616332D-8CE8-4372-A49E-7B799F65E067}"
EndProject
Project("{FAE04EC0-301F-11D3-BF4B-00C04F79EFBC}") = "chrismrgn.sdl.tridion.coreservice.helpers", "chrismrgn.sdl.tridion.coreservice.helpers\chrismrgn.sdl.tridion.coreservice.helpers.csproj", "{57A0FBFB-3C38-4AAE-AF00-CB1D9CEF597D}"
EndProject
Project("{2150E333-8FDC-42A3-9474-1A3956D46DE8}") = "Samples", "Samples", "{823054DC-CBC9-4955-A81F-C902C7FE8B6E}"
EndProject
Project("{FAE04EC0-301F-11D3-BF4B-00C04F79EFBC}") = "chrismrgn.sdl.tridion.samples.schemausage", "chrismrgn.sdl.tridion.samples.schemausage\chrismrgn.sdl.tridion.samples.schemausage.csproj", "{9B0CC6CC-00A3-4E90-9867-A0BF399329D8}"
EndProject
Project("{FAE04EC0-301F-11D3-BF4B-00C04F79EFBC}") = "chrismrgn.sdl.tridion.samples.componenttemplateusage", "chrismrgn.sdl.tridion.samples.componenttemplateusage\chrismrgn.sdl.tridion.samples.componenttemplateusage.csproj", "{5F942914-0F21-48DD-8AE7-1C715B7636EA}"
EndProject
Project("{FAE04EC0-301F-11D3-BF4B-00C04F79EFBC}") = "chrismrgn.sdl.tridion.samples.pagetemplateusage", "chrismrgn.sdl.tridion.samples.pagetemplateusage\chrismrgn.sdl.tridion.samples.pagetemplateusage.csproj", "{F8178123-3AB7-426A-B408-AD993BE93CAA}"
EndProject
Project("{FAE04EC0-301F-11D3-BF4B-00C04F79EFBC}") = "chrismrgn.sdl.tridion.samples.componenttemplaterecentlyaddedtopage", "chrismrgn.sdl.tridion.samples.componenttemplaterecentlyaddedtopage\chrismrgn.sdl.tridion.samples.componenttemplaterecentlyaddedtopage.csproj", "{DB7BA007-E5B9-4367-BE1C-3B93B2B689CF}"
EndProject
Project("{FAE04EC0-301F-11D3-BF4B-00C04F79EFBC}") = "chrismrgn.sdl.tridion.samples.componentslinkedtobutnotonanypages", "chrismrgn.sdl.tridion.samples.componentslinkedtobutnotonanypages\chrismrgn.sdl.tridion.samples.componentslinkedtobutnotonanypages.csproj", "{60BEE6C2-11F7-431D-9BB7-8F47F04996F6}"
EndProject
Project("{FAE04EC0-301F-11D3-BF4B-00C04F79EFBC}") = "chrismrgn.sdl.tridion.samples.componentsmatchingcontent", "chrismrgn.sdl.tridion.samples.componentsmatchingcontent\chrismrgn.sdl.tridion.samples.componentsmatchingcontent.csproj", "{A371DD08-4899-4527-BF42-B3A957EB4FD5}"
EndProject
Project("{FAE04EC0-301F-11D3-BF4B-00C04F79EFBC}") = "chrismrgn.sdl.tridion.samples.workflow", "chrismrgn.sdl.tridion.samples.workflow\chrismrgn.sdl.tridion.samples.workflow.csproj", "{F1587D1B-41DA-41CB-94D3-ABEA8599A380}"
EndProject
Global
	GlobalSection(SolutionConfigurationPlatforms) = preSolution
		Debug|Any CPU = Debug|Any CPU
		Release|Any CPU = Release|Any CPU
	EndGlobalSection
	GlobalSection(ProjectConfigurationPlatforms) = postSolution
		{3A86434F-052E-44F6-8DB8-AE4177FB2EC3}.Debug|Any CPU.ActiveCfg = Debug|Any CPU
		{3A86434F-052E-44F6-8DB8-AE4177FB2EC3}.Debug|Any CPU.Build.0 = Debug|Any CPU
		{3A86434F-052E-44F6-8DB8-AE4177FB2EC3}.Release|Any CPU.ActiveCfg = Release|Any CPU
		{3A86434F-052E-44F6-8DB8-AE4177FB2EC3}.Release|Any CPU.Build.0 = Release|Any CPU
		{221E98C3-C839-4605-9583-329DFEDD533E}.Debug|Any CPU.ActiveCfg = Debug|Any CPU
		{221E98C3-C839-4605-9583-329DFEDD533E}.Debug|Any CPU.Build.0 = Debug|Any CPU
		{221E98C3-C839-4605-9583-329DFEDD533E}.Release|Any CPU.ActiveCfg = Release|Any CPU
		{221E98C3-C839-4605-9583-329DFEDD533E}.Release|Any CPU.Build.0 = Release|Any CPU
		{995AE0B9-7BFB-4106-9363-990BA04FE468}.Debug|Any CPU.ActiveCfg = Debug|Any CPU
		{995AE0B9-7BFB-4106-9363-990BA04FE468}.Debug|Any CPU.Build.0 = Debug|Any CPU
		{995AE0B9-7BFB-4106-9363-990BA04FE468}.Release|Any CPU.ActiveCfg = Release|Any CPU
		{995AE0B9-7BFB-4106-9363-990BA04FE468}.Release|Any CPU.Build.0 = Release|Any CPU
		{9616332D-8CE8-4372-A49E-7B799F65E067}.Debug|Any CPU.ActiveCfg = Debug|Any CPU
		{9616332D-8CE8-4372-A49E-7B799F65E067}.Debug|Any CPU.Build.0 = Debug|Any CPU
		{9616332D-8CE8-4372-A49E-7B799F65E067}.Release|Any CPU.ActiveCfg = Release|Any CPU
		{9616332D-8CE8-4372-A49E-7B799F65E067}.Release|Any CPU.Build.0 = Release|Any CPU
		{57A0FBFB-3C38-4AAE-AF00-CB1D9CEF597D}.Debug|Any CPU.ActiveCfg = Debug|Any CPU
		{57A0FBFB-3C38-4AAE-AF00-CB1D9CEF597D}.Debug|Any CPU.Build.0 = Debug|Any CPU
		{57A0FBFB-3C38-4AAE-AF00-CB1D9CEF597D}.Release|Any CPU.ActiveCfg = Release|Any CPU
		{57A0FBFB-3C38-4AAE-AF00-CB1D9CEF597D}.Release|Any CPU.Build.0 = Release|Any CPU
		{9B0CC6CC-00A3-4E90-9867-A0BF399329D8}.Debug|Any CPU.ActiveCfg = Debug|Any CPU
		{9B0CC6CC-00A3-4E90-9867-A0BF399329D8}.Debug|Any CPU.Build.0 = Debug|Any CPU
		{9B0CC6CC-00A3-4E90-9867-A0BF399329D8}.Release|Any CPU.ActiveCfg = Release|Any CPU
		{9B0CC6CC-00A3-4E90-9867-A0BF399329D8}.Release|Any CPU.Build.0 = Release|Any CPU
		{5F942914-0F21-48DD-8AE7-1C715B7636EA}.Debug|Any CPU.ActiveCfg = Debug|Any CPU
		{5F942914-0F21-48DD-8AE7-1C715B7636EA}.Debug|Any CPU.Build.0 = Debug|Any CPU
		{5F942914-0F21-48DD-8AE7-1C715B7636EA}.Release|Any CPU.ActiveCfg = Release|Any CPU
		{5F942914-0F21-48DD-8AE7-1C715B7636EA}.Release|Any CPU.Build.0 = Release|Any CPU
		{F8178123-3AB7-426A-B408-AD993BE93CAA}.Debug|Any CPU.ActiveCfg = Debug|Any CPU
		{F8178123-3AB7-426A-B408-AD993BE93CAA}.Debug|Any CPU.Build.0 = Debug|Any CPU
		{F8178123-3AB7-426A-B408-AD993BE93CAA}.Release|Any CPU.ActiveCfg = Release|Any CPU
		{F8178123-3AB7-426A-B408-AD993BE93CAA}.Release|Any CPU.Build.0 = Release|Any CPU
		{DB7BA007-E5B9-4367-BE1C-3B93B2B689CF}.Debug|Any CPU.ActiveCfg = Debug|Any CPU
		{DB7BA007-E5B9-4367-BE1C-3B93B2B689CF}.Debug|Any CPU.Build.0 = Debug|Any CPU
		{DB7BA007-E5B9-4367-BE1C-3B93B2B689CF}.Release|Any CPU.ActiveCfg = Release|Any CPU
		{DB7BA007-E5B9-4367-BE1C-3B93B2B689CF}.Release|Any CPU.Build.0 = Release|Any CPU
		{60BEE6C2-11F7-431D-9BB7-8F47F04996F6}.Debug|Any CPU.ActiveCfg = Debug|Any CPU
		{60BEE6C2-11F7-431D-9BB7-8F47F04996F6}.Debug|Any CPU.Build.0 = Debug|Any CPU
		{60BEE6C2-11F7-431D-9BB7-8F47F04996F6}.Release|Any CPU.ActiveCfg = Release|Any CPU
		{60BEE6C2-11F7-431D-9BB7-8F47F04996F6}.Release|Any CPU.Build.0 = Release|Any CPU
		{A371DD08-4899-4527-BF42-B3A957EB4FD5}.Debug|Any CPU.ActiveCfg = Debug|Any CPU
		{A371DD08-4899-4527-BF42-B3A957EB4FD5}.Debug|Any CPU.Build.0 = Debug|Any CPU
		{A371DD08-4899-4527-BF42-B3A957EB4FD5}.Release|Any CPU.ActiveCfg = Release|Any CPU
		{A371DD08-4899-4527-BF42-B3A957EB4FD5}.Release|Any CPU.Build.0 = Release|Any CPU
		{F1587D1B-41DA-41CB-94D3-ABEA8599A380}.Debug|Any CPU.ActiveCfg = Debug|Any CPU
		{F1587D1B-41DA-41CB-94D3-ABEA8599A380}.Debug|Any CPU.Build.0 = Debug|Any CPU
		{F1587D1B-41DA-41CB-94D3-ABEA8599A380}.Release|Any CPU.ActiveCfg = Release|Any CPU
		{F1587D1B-41DA-41CB-94D3-ABEA8599A380}.Release|Any CPU.Build.0 = Release|Any CPU
	EndGlobalSection
	GlobalSection(SolutionProperties) = preSolution
		HideSolutionNode = FALSE
	EndGlobalSection
	GlobalSection(NestedProjects) = preSolution
		{9B0CC6CC-00A3-4E90-9867-A0BF399329D8} = {823054DC-CBC9-4955-A81F-C902C7FE8B6E}
		{5F942914-0F21-48DD-8AE7-1C715B7636EA} = {823054DC-CBC9-4955-A81F-C902C7FE8B6E}
		{F8178123-3AB7-426A-B408-AD993BE93CAA} = {823054DC-CBC9-4955-A81F-C902C7FE8B6E}
		{DB7BA007-E5B9-4367-BE1C-3B93B2B689CF} = {823054DC-CBC9-4955-A81F-C902C7FE8B6E}
		{60BEE6C2-11F7-431D-9BB7-8F47F04996F6} = {823054DC-CBC9-4955-A81F-C902C7FE8B6E}
		{A371DD08-4899-4527-BF42-B3A957EB4FD5} = {823054DC-CBC9-4955-A81F-C902C7FE8B6E}
		{F1587D1B-41DA-41CB-94D3-ABEA8599A380} = {823054DC-CBC9-4955-A81F-C902C7FE8B6E}
	EndGlobalSection
EndGlobal
